
Microsoft Visual Studio Solution File, Format Version 12.00
# Visual Studio 2012
Project("{FAE04EC0-301F-11D3-BF4B-00C04F79EFBC}") = "CalculoISR", "CalculoISR\CalculoISR.csproj", "{254DF1B7-C7F0-4632-937B-95D9586842AA}"
EndProject
Global
	GlobalSection(SolutionConfigurationPlatforms) = preSolution
		Debug|Any CPU = Debug|Any CPU
		Release|Any CPU = Release|Any CPU
	EndGlobalSection
	GlobalSection(ProjectConfigurationPlatforms) = postSolution
		{254DF1B7-C7F0-4632-937B-95D9586842AA}.Debug|Any CPU.ActiveCfg = Debug|Any CPU
		{254DF1B7-C7F0-4632-937B-95D9586842AA}.Debug|Any CPU.Build.0 = Debug|Any CPU
		{254DF1B7-C7F0-4632-937B-95D9586842AA}.Release|Any CPU.ActiveCfg = Release|Any CPU
		{254DF1B7-C7F0-4632-937B-95D9586842AA}.Release|Any CPU.Build.0 = Release|Any CPU
	EndGlobalSection
	GlobalSection(SolutionProperties) = preSolution
		HideSolutionNode = FALSE
	EndGlobalSection
EndGlobal
