
Microsoft Visual Studio Solution File, Format Version 12.00
# Visual Studio 2012
Project("{FAE04EC0-301F-11D3-BF4B-00C04F79EFBC}") = "ActividadesComplementarias", "ActividadesComplementarias\ActividadesComplementarias.csproj", "{53D6D4E5-E661-4B09-B5FB-E073F3600749}"
EndProject
Global
	GlobalSection(SolutionConfigurationPlatforms) = preSolution
		Debug|Any CPU = Debug|Any CPU
		Release|Any CPU = Release|Any CPU
	EndGlobalSection
	GlobalSection(ProjectConfigurationPlatforms) = postSolution
		{53D6D4E5-E661-4B09-B5FB-E073F3600749}.Debug|Any CPU.ActiveCfg = Debug|Any CPU
		{53D6D4E5-E661-4B09-B5FB-E073F3600749}.Debug|Any CPU.Build.0 = Debug|Any CPU
		{53D6D4E5-E661-4B09-B5FB-E073F3600749}.Release|Any CPU.ActiveCfg = Release|Any CPU
		{53D6D4E5-E661-4B09-B5FB-E073F3600749}.Release|Any CPU.Build.0 = Release|Any CPU
	EndGlobalSection
	GlobalSection(SolutionProperties) = preSolution
		HideSolutionNode = FALSE
	EndGlobalSection
EndGlobal
